// !$*UTF8*$!
{
	archiveVersion = 1;
	classes = {
	};
	objectVersion = 50;
	objects = {

/* Begin PBXBuildFile section */
		D5CB230C230F1A6600008F9C /* AppDelegate.swift in Sources */ = {isa = PBXBuildFile; fileRef = D5CB230B230F1A6600008F9C /* AppDelegate.swift */; };
		D5CB230E230F1A6600008F9C /* ViewController.swift in Sources */ = {isa = PBXBuildFile; fileRef = D5CB230D230F1A6600008F9C /* ViewController.swift */; };
		D5CB2311230F1A6600008F9C /* Main.storyboard in Resources */ = {isa = PBXBuildFile; fileRef = D5CB230F230F1A6600008F9C /* Main.storyboard */; };
		D5CB2314230F1A6600008F9C /* Tipping_Calculator.xcdatamodeld in Sources */ = {isa = PBXBuildFile; fileRef = D5CB2312230F1A6600008F9C /* Tipping_Calculator.xcdatamodeld */; };
		D5CB2316230F1A6800008F9C /* Assets.xcassets in Resources */ = {isa = PBXBuildFile; fileRef = D5CB2315230F1A6800008F9C /* Assets.xcassets */; };
		D5CB2319230F1A6800008F9C /* LaunchScreen.storyboard in Resources */ = {isa = PBXBuildFile; fileRef = D5CB2317230F1A6800008F9C /* LaunchScreen.storyboard */; };
/* End PBXBuildFile section */

/* Begin PBXFileReference section */
		D5CB2308230F1A6600008F9C /* Tipping Calculator.app */ = {isa = PBXFileReference; explicitFileType = wrapper.application; includeInIndex = 0; path = "Tipping Calculator.app"; sourceTree = BUILT_PRODUCTS_DIR; };
		D5CB230B230F1A6600008F9C /* AppDelegate.swift */ = {isa = PBXFileReference; lastKnownFileType = sourcecode.swift; path = AppDelegate.swift; sourceTree = "<group>"; };
		D5CB230D230F1A6600008F9C /* ViewController.swift */ = {isa = PBXFileReference; lastKnownFileType = sourcecode.swift; path = ViewController.swift; sourceTree = "<group>"; };
		D5CB2310230F1A6600008F9C /* Base */ = {isa = PBXFileReference; lastKnownFileType = file.storyboard; name = Base; path = Base.lproj/Main.storyboard; sourceTree = "<group>"; };
		D5CB2313230F1A6600008F9C /* Tipping_Calculator.xcdatamodel */ = {isa = PBXFileReference; lastKnownFileType = wrapper.xcdatamodel; path = Tipping_Calculator.xcdatamodel; sourceTree = "<group>"; };
		D5CB2315230F1A6800008F9C /* Assets.xcassets */ = {isa = PBXFileReference; lastKnownFileType = folder.assetcatalog; path = Assets.xcassets; sourceTree = "<group>"; };
		D5CB2318230F1A6800008F9C /* Base */ = {isa = PBXFileReference; lastKnownFileType = file.storyboard; name = Base; path = Base.lproj/LaunchScreen.storyboard; sourceTree = "<group>"; };
		D5CB231A230F1A6800008F9C /* Info.plist */ = {isa = PBXFileReference; lastKnownFileType = text.plist.xml; path = Info.plist; sourceTree = "<group>"; };
/* End PBXFileReference section */

/* Begin PBXFrameworksBuildPhase section */
		D5CB2305230F1A6600008F9C /* Frameworks */ = {
			isa = PBXFrameworksBuildPhase;
			buildActionMask = 2147483647;
			files = (
			);
			runOnlyForDeploymentPostprocessing = 0;
		};
/* End PBXFrameworksBuildPhase section */

/* Begin PBXGroup section */
		D5CB22FF230F1A6600008F9C = {
			isa = PBXGroup;
			children = (
				D5CB230A230F1A6600008F9C /* Tipping Calculator */,
				D5CB2309230F1A6600008F9C /* Products */,
			);
			sourceTree = "<group>";
		};
		D5CB2309230F1A6600008F9C /* Products */ = {
			isa = PBXGroup;
			children = (
				D5CB2308230F1A6600008F9C /* Tipping Calculator.app */,
			);
			name = Products;
			sourceTree = "<group>";
		};
		D5CB230A230F1A6600008F9C /* Tipping Calculator */ = {
			isa = PBXGroup;
			children = (
				D5CB230B230F1A6600008F9C /* AppDelegate.swift */,
				D5CB230D230F1A6600008F9C /* ViewController.swift */,
				D5CB230F230F1A6600008F9C /* Main.storyboard */,
				D5CB2315230F1A6800008F9C /* Assets.xcassets */,
				D5CB2317230F1A6800008F9C /* LaunchScreen.storyboard */,
				D5CB231A230F1A6800008F9C /* Info.plist */,
				D5CB2312230F1A6600008F9C /* Tipping_Calculator.xcdatamodeld */,
			);
			path = "Tipping Calculator";
			sourceTree = "<group>";
		};
/* End PBXGroup section */

/* Begin PBXNativeTarget section */
		D5CB2307230F1A6600008F9C /* Tipping Calculator */ = {
			isa = PBXNativeTarget;
			buildConfigurationList = D5CB231D230F1A6800008F9C /* Build configuration list for PBXNativeTarget "Tipping Calculator" */;
			buildPhases = (
				D5CB2304230F1A6600008F9C /* Sources */,
				D5CB2305230F1A6600008F9C /* Frameworks */,
				D5CB2306230F1A6600008F9C /* Resources */,
			);
			buildRules = (
			);
			dependencies = (
			);
			name = "Tipping Calculator";
			productName = "Tipping Calculator";
			productReference = D5CB2308230F1A6600008F9C /* Tipping Calculator.app */;
			productType = "com.apple.product-type.application";
		};
/* End PBXNativeTarget section */

/* Begin PBXProject section */
		D5CB2300230F1A6600008F9C /* Project object */ = {
			isa = PBXProject;
			attributes = {
				LastSwiftUpdateCheck = 1030;
				LastUpgradeCheck = 1030;
				ORGANIZATIONNAME = "Mando Quintana";
				TargetAttributes = {
					D5CB2307230F1A6600008F9C = {
						CreatedOnToolsVersion = 10.3;
					};
				};
			};
			buildConfigurationList = D5CB2303230F1A6600008F9C /* Build configuration list for PBXProject "Tipping Calculator" */;
			compatibilityVersion = "Xcode 9.3";
			developmentRegion = en;
			hasScannedForEncodings = 0;
			knownRegions = (
				en,
				Base,
			);
			mainGroup = D5CB22FF230F1A6600008F9C;
			productRefGroup = D5CB2309230F1A6600008F9C /* Products */;
			projectDirPath = "";
			projectRoot = "";
			targets = (
				D5CB2307230F1A6600008F9C /* Tipping Calculator */,
			);
		};
/* End PBXProject section */

/* Begin PBXResourcesBuildPhase section */
		D5CB2306230F1A6600008F9C /* Resources */ = {
			isa = PBXResourcesBuildPhase;
			buildActionMask = 2147483647;
			files = (
				D5CB2319230F1A6800008F9C /* LaunchScreen.storyboard in Resources */,
				D5CB2316230F1A6800008F9C /* Assets.xcassets in Resources */,
				D5CB2311230F1A6600008F9C /* Main.storyboard in Resources */,
			);
			runOnlyForDeploymentPostprocessing = 0;
		};
/* End PBXResourcesBuildPhase section */

/* Begin PBXSourcesBuildPhase section */
		D5CB2304230F1A6600008F9C /* Sources */ = {
			isa = PBXSourcesBuildPhase;
			buildActionMask = 2147483647;
			files = (
				D5CB230E230F1A6600008F9C /* ViewController.swift in Sources */,
				D5CB2314230F1A6600008F9C /* Tipping_Calculator.xcdatamodeld in Sources */,
				D5CB230C230F1A6600008F9C /* AppDelegate.swift in Sources */,
			);
			runOnlyForDeploymentPostprocessing = 0;
		};
/* End PBXSourcesBuildPhase section */

/* Begin PBXVariantGroup section */
		D5CB230F230F1A6600008F9C /* Main.storyboard */ = {
			isa = PBXVariantGroup;
			children = (
				D5CB2310230F1A6600008F9C /* Base */,
			);
			name = Main.storyboard;
			sourceTree = "<group>";
		};
		D5CB2317230F1A6800008F9C /* LaunchScreen.storyboard */ = {
			isa = PBXVariantGroup;
			children = (
				D5CB2318230F1A6800008F9C /* Base */,
			);
			name = LaunchScreen.storyboard;
			sourceTree = "<group>";
		};
/* End PBXVariantGroup section */

/* Begin XCBuildConfiguration section */
		D5CB231B230F1A6800008F9C /* Debug */ = {
			isa = XCBuildConfiguration;
			buildSettings = {
				ALWAYS_SEARCH_USER_PATHS = NO;
				CLANG_ANALYZER_NONNULL = YES;
				CLANG_ANALYZER_NUMBER_OBJECT_CONVERSION = YES_AGGRESSIVE;
				CLANG_CXX_LANGUAGE_STANDARD = "gnu++14";
				CLANG_CXX_LIBRARY = "libc++";
				CLANG_ENABLE_MODULES = YES;
				CLANG_ENABLE_OBJC_ARC = YES;
				CLANG_ENABLE_OBJC_WEAK = YES;
				CLANG_WARN_BLOCK_CAPTURE_AUTORELEASING = YES;
				CLANG_WARN_BOOL_CONVERSION = YES;
				CLANG_WARN_COMMA = YES;
				CLANG_WARN_CONSTANT_CONVERSION = YES;
				CLANG_WARN_DEPRECATED_OBJC_IMPLEMENTATIONS = YES;
				CLANG_WARN_DIRECT_OBJC_ISA_USAGE = YES_ERROR;
				CLANG_WARN_DOCUMENTATION_COMMENTS = YES;
				CLANG_WARN_EMPTY_BODY = YES;
				CLANG_WARN_ENUM_CONVERSION = YES;
				CLANG_WARN_INFINITE_RECURSION = YES;
				CLANG_WARN_INT_CONVERSION = YES;
				CLANG_WARN_NON_LITERAL_NULL_CONVERSION = YES;
				CLANG_WARN_OBJC_IMPLICIT_RETAIN_SELF = YES;
				CLANG_WARN_OBJC_LITERAL_CONVERSION = YES;
				CLANG_WARN_OBJC_ROOT_CLASS = YES_ERROR;
				CLANG_WARN_RANGE_LOOP_ANALYSIS = YES;
				CLANG_WARN_STRICT_PROTOTYPES = YES;
				CLANG_WARN_SUSPICIOUS_MOVE = YES;
				CLANG_WARN_UNGUARDED_AVAILABILITY = YES_AGGRESSIVE;
				CLANG_WARN_UNREACHABLE_CODE = YES;
				CLANG_WARN__DUPLICATE_METHOD_MATCH = YES;
				CODE_SIGN_IDENTITY = "iPhone Developer";
				COPY_PHASE_STRIP = NO;
				DEBUG_INFORMATION_FORMAT = dwarf;
				ENABLE_STRICT_OBJC_MSGSEND = YES;
				ENABLE_TESTABILITY = YES;
				GCC_C_LANGUAGE_STANDARD = gnu11;
				GCC_DYNAMIC_NO_PIC = NO;
				GCC_NO_COMMON_BLOCKS = YES;
				GCC_OPTIMIZATION_LEVEL = 0;
				GCC_PREPROCESSOR_DEFINITIONS = (
					"DEBUG=1",
					"$(inherited)",
				);
				GCC_WARN_64_TO_32_BIT_CONVERSION = YES;
				GCC_WARN_ABOUT_RETURN_TYPE = YES_ERROR;
				GCC_WARN_UNDECLARED_SELECTOR = YES;
				GCC_WARN_UNINITIALIZED_AUTOS = YES_AGGRESSIVE;
				GCC_WARN_UNUSED_FUNCTION = YES;
				GCC_WARN_UNUSED_VARIABLE = YES;
				IPHONEOS_DEPLOYMENT_TARGET = 12.4;
				MTL_ENABLE_DEBUG_INFO = INCLUDE_SOURCE;
				MTL_FAST_MATH = YES;
				ONLY_ACTIVE_ARCH = YES;
				SDKROOT = iphoneos;
				SWIFT_ACTIVE_COMPILATION_CONDITIONS = DEBUG;
				SWIFT_OPTIMIZATION_LEVEL = "-Onone";
			};
			name = Debug;
		};
		D5CB231C230F1A6800008F9C /* Release */ = {
			isa = XCBuildConfiguration;
			buildSettings = {
				ALWAYS_SEARCH_USER_PATHS = NO;
				CLANG_ANALYZER_NONNULL = YES;
				CLANG_ANALYZER_NUMBER_OBJECT_CONVERSION = YES_AGGRESSIVE;
				CLANG_CXX_LANGUAGE_STANDARD = "gnu++14";
				CLANG_CXX_LIBRARY = "libc++";
				CLANG_ENABLE_MODULES = YES;
				CLANG_ENABLE_OBJC_ARC = YES;
				CLANG_ENABLE_OBJC_WEAK = YES;
				CLANG_WARN_BLOCK_CAPTURE_AUTORELEASING = YES;
				CLANG_WARN_BOOL_CONVERSION = YES;
				CLANG_WARN_COMMA = YES;
				CLANG_WARN_CONSTANT_CONVERSION = YES;
				CLANG_WARN_DEPRECATED_OBJC_IMPLEMENTATIONS = YES;
				CLANG_WARN_DIRECT_OBJC_ISA_USAGE = YES_ERROR;
				CLANG_WARN_DOCUMENTATION_COMMENTS = YES;
				CLANG_WARN_EMPTY_BODY = YES;
				CLANG_WARN_ENUM_CONVERSION = YES;
				CLANG_WARN_INFINITE_RECURSION = YES;
				CLANG_WARN_INT_CONVERSION = YES;
				CLANG_WARN_NON_LITERAL_NULL_CONVERSION = YES;
				CLANG_WARN_OBJC_IMPLICIT_RETAIN_SELF = YES;
				CLANG_WARN_OBJC_LITERAL_CONVERSION = YES;
				CLANG_WARN_OBJC_ROOT_CLASS = YES_ERROR;
				CLANG_WARN_RANGE_LOOP_ANALYSIS = YES;
				CLANG_WARN_STRICT_PROTOTYPES = YES;
				CLANG_WARN_SUSPICIOUS_MOVE = YES;
				CLANG_WARN_UNGUARDED_AVAILABILITY = YES_AGGRESSIVE;
				CLANG_WARN_UNREACHABLE_CODE = YES;
				CLANG_WARN__DUPLICATE_METHOD_MATCH = YES;
				CODE_SIGN_IDENTITY = "iPhone Developer";
				COPY_PHASE_STRIP = NO;
				DEBUG_INFORMATION_FORMAT = "dwarf-with-dsym";
				ENABLE_NS_ASSERTIONS = NO;
				ENABLE_STRICT_OBJC_MSGSEND = YES;
				GCC_C_LANGUAGE_STANDARD = gnu11;
				GCC_NO_COMMON_BLOCKS = YES;
				GCC_WARN_64_TO_32_BIT_CONVERSION = YES;
				GCC_WARN_ABOUT_RETURN_TYPE = YES_ERROR;
				GCC_WARN_UNDECLARED_SELECTOR = YES;
				GCC_WARN_UNINITIALIZED_AUTOS = YES_AGGRESSIVE;
				GCC_WARN_UNUSED_FUNCTION = YES;
				GCC_WARN_UNUSED_VARIABLE = YES;
				IPHONEOS_DEPLOYMENT_TARGET = 12.4;
				MTL_ENABLE_DEBUG_INFO = NO;
				MTL_FAST_MATH = YES;
				SDKROOT = iphoneos;
				SWIFT_COMPILATION_MODE = wholemodule;
				SWIFT_OPTIMIZATION_LEVEL = "-O";
				VALIDATE_PRODUCT = YES;
			};
			name = Release;
		};
		D5CB231E230F1A6800008F9C /* Debug */ = {
			isa = XCBuildConfiguration;
			buildSettings = {
				ASSETCATALOG_COMPILER_APPICON_NAME = AppIcon;
				CODE_SIGN_STYLE = Automatic;
				DEVELOPMENT_TEAM = 777TK7LN7T;
				INFOPLIST_FILE = "Tipping Calculator/Info.plist";
				LD_RUNPATH_SEARCH_PATHS = (
					"$(inherited)",
					"@executable_path/Frameworks",
				);
				PRODUCT_BUNDLE_IDENTIFIER = "Mando.Tipping-Calculator";
				PRODUCT_NAME = "$(TARGET_NAME)";
				SWIFT_VERSION = 5.0;
				TARGETED_DEVICE_FAMILY = "1,2";
			};
			name = Debug;
		};
		D5CB231F230F1A6800008F9C /* Release */ = {
			isa = XCBuildConfiguration;
			buildSettings = {
				ASSETCATALOG_COMPILER_APPICON_NAME = AppIcon;
				CODE_SIGN_STYLE = Automatic;
				DEVELOPMENT_TEAM = 777TK7LN7T;
				INFOPLIST_FILE = "Tipping Calculator/Info.plist";
				LD_RUNPATH_SEARCH_PATHS = (
					"$(inherited)",
					"@executable_path/Frameworks",
				);
				PRODUCT_BUNDLE_IDENTIFIER = "Mando.Tipping-Calculator";
				PRODUCT_NAME = "$(TARGET_NAME)";
				SWIFT_VERSION = 5.0;
				TARGETED_DEVICE_FAMILY = "1,2";
			};
			name = Release;
		};
/* End XCBuildConfiguration section */

/* Begin XCConfigurationList section */
		D5CB2303230F1A6600008F9C /* Build configuration list for PBXProject "Tipping Calculator" */ = {
			isa = XCConfigurationList;
			buildConfigurations = (
				D5CB231B230F1A6800008F9C /* Debug */,
				D5CB231C230F1A6800008F9C /* Release */,
			);
			defaultConfigurationIsVisible = 0;
			defaultConfigurationName = Release;
		};
		D5CB231D230F1A6800008F9C /* Build configuration list for PBXNativeTarget "Tipping Calculator" */ = {
			isa = XCConfigurationList;
			buildConfigurations = (
				D5CB231E230F1A6800008F9C /* Debug */,
				D5CB231F230F1A6800008F9C /* Release */,
			);
			defaultConfigurationIsVisible = 0;
			defaultConfigurationName = Release;
		};
/* End XCConfigurationList section */

/* Begin XCVersionGroup section */
		D5CB2312230F1A6600008F9C /* Tipping_Calculator.xcdatamodeld */ = {
			isa = XCVersionGroup;
			children = (
				D5CB2313230F1A6600008F9C /* Tipping_Calculator.xcdatamodel */,
			);
			currentVersion = D5CB2313230F1A6600008F9C /* Tipping_Calculator.xcdatamodel */;
			path = Tipping_Calculator.xcdatamodeld;
			sourceTree = "<group>";
			versionGroupType = wrapper.xcdatamodel;
		};
/* End XCVersionGroup section */
	};
	rootObject = D5CB2300230F1A6600008F9C /* Project object */;
}
